{
  "name": "rust-store-node",
  "version": "2.0.0",
  "lockfileVersion": 3,
  "requires": true,
  "packages": {
    "": {
      "name": "rust-store-node",
      "version": "2.0.0",
      "license": "MIT",
      "devDependencies": {
        "@napi-rs/cli": "^2.18.4",
        "sql.js": "^1.8.0"
      },
      "engines": {
        "node": ">=18"
      },
      "optionalDependencies": {
        "rust-store-node-darwin-arm64": "2.0.0",
        "rust-store-node-darwin-x64": "2.0.0",
        "rust-store-node-linux-arm64-gnu": "2.0.0",
        "rust-store-node-linux-x64-gnu": "2.0.0",
        "rust-store-node-win32-x64-msvc": "2.0.0"
      }
    },
    "node_modules/@napi-rs/cli": {
      "version": "2.18.4",
      "resolved": "https://registry.npmmirror.com/@napi-rs/cli/-/cli-2.18.4.tgz",
      "integrity": "sha512-SgJeA4df9DE2iAEpr3M2H0OKl/yjtg1BnRI5/JyowS71tUWhrfSu2LT0V3vlHET+g1hBVlrO60PmEXwUEKp8Mg==",
      "dev": true,
      "license": "MIT",
      "bin": {
        "napi": "scripts/index.js"
      },
      "engines": {
        "node": ">= 10"
      },
      "funding": {
        "type": "github",
        "url": "https://github.com/sponsors/Brooooooklyn"
      }
    },
    "node_modules/rust-store-node-darwin-arm64": {
      "version": "2.0.0",
      "resolved": "https://registry.npmmirror.com/rust-store-node-darwin-arm64/-/rust-store-node-darwin-arm64-2.0.0.tgz",
      "integrity": "sha512-JoDAgtaA/F29bwj4Xvsx4yMb9pgKwo4zNnmxxpyJ9mvuOsJyAJxaYfm0V+w7J66zveC7ZgmM/NM9SKTkoaZXZA==",
      "cpu": [
        "arm64"
      ],
      "license": "MIT",
      "optional": true,
      "os": [
        "darwin"
      ],
      "engines": {
        "node": ">=18"
      }
    },
    "node_modules/rust-store-node-darwin-x64": {
      "version": "2.0.0",
      "resolved": "https://registry.npmmirror.com/rust-store-node-darwin-x64/-/rust-store-node-darwin-x64-2.0.0.tgz",
      "integrity": "sha512-ueRGoB8Mp4vxuqjHAzggXxtgao+J8pA3Bp7cmaf18InV3sWiY8KaQqMBbyHa3wREJ7NiNOBsamla3pF06oXLuA==",
      "cpu": [
        "x64"
      ],
      "license": "MIT",
      "optional": true,
      "os": [
        "darwin"
      ],
      "engines": {
        "node": ">=18"
      }
    },
    "node_modules/rust-store-node-linux-arm64-gnu": {
      "version": "2.0.0",
      "resolved": "https://registry.npmmirror.com/rust-store-node-linux-arm64-gnu/-/rust-store-node-linux-arm64-gnu-2.0.0.tgz",
      "integrity": "sha512-ND5ubhI/rq0B6TDtq9h2GEPiDOmHqD9a2UAGgUrBMYAHuwmdWYoz/+6oxBb0Vpdz3XaTIcvaE0L5UPnRW1n7QQ==",
      "cpu": [
        "arm64"
      ],
      "license": "MIT",
      "optional": true,
      "os": [
        "linux"
      ],
      "engines": {
        "node": ">=18"
      }
    },
    "node_modules/rust-store-node-linux-x64-gnu": {
      "version": "2.0.0",
      "resolved": "https://registry.npmmirror.com/rust-store-node-linux-x64-gnu/-/rust-store-node-linux-x64-gnu-2.0.0.tgz",
      "integrity": "sha512-PdveOidKFWNStmPUv0ULqlwM6p071MP+Wcobup+g+INsQHXpoa9x9QbZO203bSqGRz8yH+LONnpnrCMbXw0V1w==",
      "cpu": [
        "x64"
      ],
      "license": "MIT",
      "optional": true,
      "os": [
        "linux"
      ],
      "engines": {
        "node": ">=18"
      }
    },
    "node_modules/rust-store-node-win32-x64-msvc": {
      "version": "2.0.0",
      "resolved": "https://registry.npmmirror.com/rust-store-node-win32-x64-msvc/-/rust-store-node-win32-x64-msvc-2.0.0.tgz",
      "integrity": "sha512-3sRQ29l8Ogg9cBn4H5KKF6yWEzCFa6pfZLU9qcWhtoNRTwqeZ4CR30BbF/1On+h2NwzJu+/5MWecLUW9GGwrsw==",
      "cpu": [
        "x64"
      ],
      "license": "MIT",
      "optional": true,
      "os": [
        "win32"
      ],
      "engines": {
        "node": ">=18"
      }
    },
    "node_modules/sql.js": {
      "version": "1.14.2",
      "resolved": "https://registry.npmmirror.com/sql.js/-/sql.js-1.14.2.tgz",
      "integrity": "sha512-3ZGPovObMFrdw79zrUHbfdE/DLIsy8jdNdssmMSQuRAymedU6q84asPt0kgiqrdMYlPegDItiIMfmIXzZnYFcw==",
      "dev": true,
      "license": "MIT"
    }
  }
}
